// !$*UTF8*$!
{
	archiveVersion = 1;
	classes = {
	};
	objectVersion = 55;
	objects = {

/* Begin PBXBuildFile section */
		D55353B9282E806000778766 /* AppDelegate.swift in Sources */ = {isa = PBXBuildFile; fileRef = D55353B8282E806000778766 /* AppDelegate.swift */; };
		D55353BB282E806000778766 /* SceneDelegate.swift in Sources */ = {isa = PBXBuildFile; fileRef = D55353BA282E806000778766 /* SceneDelegate.swift */; };
		D55353C2282E806100778766 /* Assets.xcassets in Resources */ = {isa = PBXBuildFile; fileRef = D55353C1282E806100778766 /* Assets.xcassets */; };
		D55353C5282E806100778766 /* LaunchScreen.storyboard in Resources */ = {isa = PBXBuildFile; fileRef = D55353C3282E806100778766 /* LaunchScreen.storyboard */; };
		F368C131282EBC9800DE715D /* IndexMassViewController.swift in Sources */ = {isa = PBXBuildFile; fileRef = F368C130282EBC9800DE715D /* IndexMassViewController.swift */; };
		F36C7E49282FB2A5005CD963 /* TraningViewController.swift in Sources */ = {isa = PBXBuildFile; fileRef = F36C7E48282FB2A5005CD963 /* TraningViewController.swift */; };
		F36C7E4B282FB764005CD963 /* InfoTranningViewController.swift in Sources */ = {isa = PBXBuildFile; fileRef = F36C7E4A282FB764005CD963 /* InfoTranningViewController.swift */; };
		F3BEF6DE282ED5A5006BB337 /* ResultViewController.swift in Sources */ = {isa = PBXBuildFile; fileRef = F3BEF6DD282ED5A5006BB337 /* ResultViewController.swift */; };
		D55353CD282E917000778766 /* Training.swift in Sources */ = {isa = PBXBuildFile; fileRef = D55353CC282E917000778766 /* Training.swift */; };
		D55353D0282F763700778766 /* DataManager.swift in Sources */ = {isa = PBXBuildFile; fileRef = D55353CF282F763700778766 /* DataManager.swift */; };
/* End PBXBuildFile section */

/* Begin PBXFileReference section */
		D55353B5282E806000778766 /* MassIndexApp.app */ = {isa = PBXFileReference; explicitFileType = wrapper.application; includeInIndex = 0; path = MassIndexApp.app; sourceTree = BUILT_PRODUCTS_DIR; };
		D55353B8282E806000778766 /* AppDelegate.swift */ = {isa = PBXFileReference; lastKnownFileType = sourcecode.swift; path = AppDelegate.swift; sourceTree = "<group>"; };
		D55353BA282E806000778766 /* SceneDelegate.swift */ = {isa = PBXFileReference; lastKnownFileType = sourcecode.swift; path = SceneDelegate.swift; sourceTree = "<group>"; };
		D55353C1282E806100778766 /* Assets.xcassets */ = {isa = PBXFileReference; lastKnownFileType = folder.assetcatalog; path = Assets.xcassets; sourceTree = "<group>"; };
		D55353C6282E806100778766 /* Info.plist */ = {isa = PBXFileReference; lastKnownFileType = text.plist.xml; path = Info.plist; sourceTree = "<group>"; };
		F368C130282EBC9800DE715D /* IndexMassViewController.swift */ = {isa = PBXFileReference; lastKnownFileType = sourcecode.swift; path = IndexMassViewController.swift; sourceTree = "<group>"; };
		F36C7E48282FB2A5005CD963 /* TraningViewController.swift */ = {isa = PBXFileReference; lastKnownFileType = sourcecode.swift; name = TraningViewController.swift; path = MassIndexApp/StoryBoards/TraningViewController.swift; sourceTree = SOURCE_ROOT; };
		F36C7E4A282FB764005CD963 /* InfoTranningViewController.swift */ = {isa = PBXFileReference; lastKnownFileType = sourcecode.swift; path = InfoTranningViewController.swift; sourceTree = "<group>"; };
		F3BEF6DD282ED5A5006BB337 /* ResultViewController.swift */ = {isa = PBXFileReference; lastKnownFileType = sourcecode.swift; name = ResultViewController.swift; path = MassIndexApp/StoryBoards/ResultViewController.swift; sourceTree = SOURCE_ROOT; };
		D55353CC282E917000778766 /* Training.swift */ = {isa = PBXFileReference; lastKnownFileType = sourcecode.swift; path = Training.swift; sourceTree = "<group>"; };
		D55353CF282F763700778766 /* DataManager.swift */ = {isa = PBXFileReference; lastKnownFileType = sourcecode.swift; path = DataManager.swift; sourceTree = "<group>"; };
/* End PBXFileReference section */

/* Begin PBXFrameworksBuildPhase section */
		D55353B2282E806000778766 /* Frameworks */ = {
			isa = PBXFrameworksBuildPhase;
			buildActionMask = 2147483647;
			files = (
			);
			runOnlyForDeploymentPostprocessing = 0;
		};
/* End PBXFrameworksBuildPhase section */

/* Begin PBXGroup section */
		D55353AC282E806000778766 = {
			isa = PBXGroup;
			children = (
				D55353B7282E806000778766 /* MassIndexApp */,
				D55353B6282E806000778766 /* Products */,
			);
			sourceTree = "<group>";
		};
		D55353B6282E806000778766 /* Products */ = {
			isa = PBXGroup;
			children = (
				D55353B5282E806000778766 /* MassIndexApp.app */,
			);
			name = Products;
			sourceTree = "<group>";
		};
		D55353B7282E806000778766 /* MassIndexApp */ = {
			isa = PBXGroup;
			children = (
				D55353B8282E806000778766 /* AppDelegate.swift */,
				D55353BA282E806000778766 /* SceneDelegate.swift */,
				F368C133282EBEFB00DE715D /* StoryBoards */,
				F368C132282EBEDD00DE715D /* ViewControllers */,
				F37C55992831031D00063914 /* Resources */,
				D55353C6282E806100778766 /* Info.plist */,
			);
			path = MassIndexApp;
			sourceTree = "<group>";
		};
		F368C132282EBEDD00DE715D /* ViewControllers */ = {
			isa = PBXGroup;
			children = (
				F36C7E48282FB2A5005CD963 /* TraningViewController.swift */,
				F36C7E4A282FB764005CD963 /* InfoTranningViewController.swift */,
				F3BEF6DD282ED5A5006BB337 /* ResultViewController.swift */,
				D55353BC282E806000778766 /* ViewController.swift */,
				F368C130282EBC9800DE715D /* IndexMassViewController.swift */,
			);
			path = ViewControllers;
			sourceTree = "<group>";
		};
		F368C133282EBEFB00DE715D /* StoryBoards */ = {
			isa = PBXGroup;
			children = (
				D55353C3282E806100778766 /* LaunchScreen.storyboard */,
				D55353BE282E806000778766 /* Main.storyboard */,
			);
			path = StoryBoards;
			sourceTree = "<group>";
		};
		F37C55992831031D00063914 /* Resources */ = {
			isa = PBXGroup;
			children = (
				D55353C1282E806100778766 /* Assets.xcassets */,
				D55353D1282F763B00778766 /* Services */,
				D55353CE282F74D400778766 /* Model */,
				D57A0556283103160096764B /* StoryBoards */,
				D565A6F12830E6C100AAE1AC /* Resources */,
				D55353C6282E806100778766 /* Info.plist */,
			);
			path = Resources;
			sourceTree = "<group>";
		};
		D55353CE282F74D400778766 /* Model */ = {
			isa = PBXGroup;
			children = (
				D55353CC282E917000778766 /* Training.swift */,
			);
			path = Model;
			sourceTree = "<group>";
		};
		D55353D1282F763B00778766 /* Services */ = {
			isa = PBXGroup;
			children = (
				D55353CF282F763700778766 /* DataManager.swift */,
			);
			path = Services;
			sourceTree = "<group>";
		};
		D565A6F12830E6C100AAE1AC /* Resources */ = {
			isa = PBXGroup;
			children = (
				D55353C1282E806100778766 /* Assets.xcassets */,
			);
			path = Resources;
			sourceTree = "<group>";
		};
		D57A0556283103160096764B /* StoryBoards */ = {
			isa = PBXGroup;
			children = (
			);
			path = StoryBoards;
			sourceTree = "<group>";
		};
/* End PBXGroup section */

/* Begin PBXNativeTarget section */
		D55353B4282E806000778766 /* MassIndexApp */ = {
			isa = PBXNativeTarget;
			buildConfigurationList = D55353C9282E806100778766 /* Build configuration list for PBXNativeTarget "MassIndexApp" */;
			buildPhases = (
				D55353B1282E806000778766 /* Sources */,
				D55353B2282E806000778766 /* Frameworks */,
				D55353B3282E806000778766 /* Resources */,
			);
			buildRules = (
			);
			dependencies = (
			);
			name = MassIndexApp;
			productName = MassIndexApp;
			productReference = D55353B5282E806000778766 /* MassIndexApp.app */;
			productType = "com.apple.product-type.application";
		};
/* End PBXNativeTarget section */

/* Begin PBXProject section */
		D55353AD282E806000778766 /* Project object */ = {
			isa = PBXProject;
			attributes = {
				BuildIndependentTargetsInParallel = 1;
				LastSwiftUpdateCheck = 1330;
				LastUpgradeCheck = 1330;
				TargetAttributes = {
					D55353B4282E806000778766 = {
						CreatedOnToolsVersion = 13.3.1;
					};
				};
			};
			buildConfigurationList = D55353B0282E806000778766 /* Build configuration list for PBXProject "MassIndexApp" */;
			compatibilityVersion = "Xcode 13.0";
			developmentRegion = en;
			hasScannedForEncodings = 0;
			knownRegions = (
				en,
				Base,
			);
			mainGroup = D55353AC282E806000778766;
			productRefGroup = D55353B6282E806000778766 /* Products */;
			projectDirPath = "";
			projectRoot = "";
			targets = (
				D55353B4282E806000778766 /* MassIndexApp */,
			);
		};
/* End PBXProject section */

/* Begin PBXResourcesBuildPhase section */
		D55353B3282E806000778766 /* Resources */ = {
			isa = PBXResourcesBuildPhase;
			buildActionMask = 2147483647;
			files = (
				D55353C2282E806100778766 /* Assets.xcassets in Resources */,
			);
			runOnlyForDeploymentPostprocessing = 0;
		};
/* End PBXResourcesBuildPhase section */

/* Begin PBXSourcesBuildPhase section */
		D55353B1282E806000778766 /* Sources */ = {
			isa = PBXSourcesBuildPhase;
			buildActionMask = 2147483647;
			files = (
				F368C131282EBC9800DE715D /* IndexMassViewController.swift in Sources */,
				D55353BD282E806000778766 /* ViewController.swift in Sources */,
				F36C7E49282FB2A5005CD963 /* TraningViewController.swift in Sources */,
				D55353D0282F763700778766 /* DataManager.swift in Sources */,
				D55353CD282E917000778766 /* Training.swift in Sources */,
				D55353B9282E806000778766 /* AppDelegate.swift in Sources */,
				D55353BB282E806000778766 /* SceneDelegate.swift in Sources */,
				F36C7E4B282FB764005CD963 /* InfoTranningViewController.swift in Sources */,
				F3BEF6DE282ED5A5006BB337 /* ResultViewController.swift in Sources */,
			);
			runOnlyForDeploymentPostprocessing = 0;
		};
/* End PBXSourcesBuildPhase section */

/* Begin XCBuildConfiguration section */
		D55353C7282E806100778766 /* Debug */ = {
			isa = XCBuildConfiguration;
			buildSettings = {
				ALWAYS_SEARCH_USER_PATHS = NO;
				CLANG_ANALYZER_NONNULL = YES;
				CLANG_ANALYZER_NUMBER_OBJECT_CONVERSION = YES_AGGRESSIVE;
				CLANG_CXX_LANGUAGE_STANDARD = "gnu++17";
				CLANG_ENABLE_MODULES = YES;
				CLANG_ENABLE_OBJC_ARC = YES;
				CLANG_ENABLE_OBJC_WEAK = YES;
				CLANG_WARN_BLOCK_CAPTURE_AUTORELEASING = YES;
				CLANG_WARN_BOOL_CONVERSION = YES;
				CLANG_WARN_COMMA = YES;
				CLANG_WARN_CONSTANT_CONVERSION = YES;
				CLANG_WARN_DEPRECATED_OBJC_IMPLEMENTATIONS = YES;
				CLANG_WARN_DIRECT_OBJC_ISA_USAGE = YES_ERROR;
				CLANG_WARN_DOCUMENTATION_COMMENTS = YES;
				CLANG_WARN_EMPTY_BODY = YES;
				CLANG_WARN_ENUM_CONVERSION = YES;
				CLANG_WARN_INFINITE_RECURSION = YES;
				CLANG_WARN_INT_CONVERSION = YES;
				CLANG_WARN_NON_LITERAL_NULL_CONVERSION = YES;
				CLANG_WARN_OBJC_IMPLICIT_RETAIN_SELF = YES;
				CLANG_WARN_OBJC_LITERAL_CONVERSION = YES;
				CLANG_WARN_OBJC_ROOT_CLASS = YES_ERROR;
				CLANG_WARN_QUOTED_INCLUDE_IN_FRAMEWORK_HEADER = YES;
				CLANG_WARN_RANGE_LOOP_ANALYSIS = YES;
				CLANG_WARN_STRICT_PROTOTYPES = YES;
				CLANG_WARN_SUSPICIOUS_MOVE = YES;
				CLANG_WARN_UNGUARDED_AVAILABILITY = YES_AGGRESSIVE;
				CLANG_WARN_UNREACHABLE_CODE = YES;
				CLANG_WARN__DUPLICATE_METHOD_MATCH = YES;
				COPY_PHASE_STRIP = NO;
				DEBUG_INFORMATION_FORMAT = dwarf;
				ENABLE_STRICT_OBJC_MSGSEND = YES;
				ENABLE_TESTABILITY = YES;
				GCC_C_LANGUAGE_STANDARD = gnu11;
				GCC_DYNAMIC_NO_PIC = NO;
				GCC_NO_COMMON_BLOCKS = YES;
				GCC_OPTIMIZATION_LEVEL = 0;
				GCC_PREPROCESSOR_DEFINITIONS = (
					"DEBUG=1",
					"$(inherited)",
				);
				GCC_WARN_64_TO_32_BIT_CONVERSION = YES;
				GCC_WARN_ABOUT_RETURN_TYPE = YES_ERROR;
				GCC_WARN_UNDECLARED_SELECTOR = YES;
				GCC_WARN_UNINITIALIZED_AUTOS = YES_AGGRESSIVE;
				GCC_WARN_UNUSED_FUNCTION = YES;
				GCC_WARN_UNUSED_VARIABLE = YES;
				IPHONEOS_DEPLOYMENT_TARGET = 15.4;
				MTL_ENABLE_DEBUG_INFO = INCLUDE_SOURCE;
				MTL_FAST_MATH = YES;
				ONLY_ACTIVE_ARCH = YES;
				SDKROOT = iphoneos;
				SWIFT_ACTIVE_COMPILATION_CONDITIONS = DEBUG;
				SWIFT_OPTIMIZATION_LEVEL = "-Onone";
			};
			name = Debug;
		};
		D55353C8282E806100778766 /* Release */ = {
			isa = XCBuildConfiguration;
			buildSettings = {
				ALWAYS_SEARCH_USER_PATHS = NO;
				CLANG_ANALYZER_NONNULL = YES;
				CLANG_ANALYZER_NUMBER_OBJECT_CONVERSION = YES_AGGRESSIVE;
				CLANG_CXX_LANGUAGE_STANDARD = "gnu++17";
				CLANG_ENABLE_MODULES = YES;
				CLANG_ENABLE_OBJC_ARC = YES;
				CLANG_ENABLE_OBJC_WEAK = YES;
				CLANG_WARN_BLOCK_CAPTURE_AUTORELEASING = YES;
				CLANG_WARN_BOOL_CONVERSION = YES;
				CLANG_WARN_COMMA = YES;
				CLANG_WARN_CONSTANT_CONVERSION = YES;
				CLANG_WARN_DEPRECATED_OBJC_IMPLEMENTATIONS = YES;
				CLANG_WARN_DIRECT_OBJC_ISA_USAGE = YES_ERROR;
				CLANG_WARN_DOCUMENTATION_COMMENTS = YES;
				CLANG_WARN_EMPTY_BODY = YES;
				CLANG_WARN_ENUM_CONVERSION = YES;
				CLANG_WARN_INFINITE_RECURSION = YES;
				CLANG_WARN_INT_CONVERSION = YES;
				CLANG_WARN_NON_LITERAL_NULL_CONVERSION = YES;
				CLANG_WARN_OBJC_IMPLICIT_RETAIN_SELF = YES;
				CLANG_WARN_OBJC_LITERAL_CONVERSION = YES;
				CLANG_WARN_OBJC_ROOT_CLASS = YES_ERROR;
				CLANG_WARN_QUOTED_INCLUDE_IN_FRAMEWORK_HEADER = YES;
				CLANG_WARN_RANGE_LOOP_ANALYSIS = YES;
				CLANG_WARN_STRICT_PROTOTYPES = YES;
				CLANG_WARN_SUSPICIOUS_MOVE = YES;
				CLANG_WARN_UNGUARDED_AVAILABILITY = YES_AGGRESSIVE;
				CLANG_WARN_UNREACHABLE_CODE = YES;
				CLANG_WARN__DUPLICATE_METHOD_MATCH = YES;
				COPY_PHASE_STRIP = NO;
				DEBUG_INFORMATION_FORMAT = "dwarf-with-dsym";
				ENABLE_NS_ASSERTIONS = NO;
				ENABLE_STRICT_OBJC_MSGSEND = YES;
				GCC_C_LANGUAGE_STANDARD = gnu11;
				GCC_NO_COMMON_BLOCKS = YES;
				GCC_WARN_64_TO_32_BIT_CONVERSION = YES;
				GCC_WARN_ABOUT_RETURN_TYPE = YES_ERROR;
				GCC_WARN_UNDECLARED_SELECTOR = YES;
				GCC_WARN_UNINITIALIZED_AUTOS = YES_AGGRESSIVE;
				GCC_WARN_UNUSED_FUNCTION = YES;
				GCC_WARN_UNUSED_VARIABLE = YES;
				IPHONEOS_DEPLOYMENT_TARGET = 15.4;
				MTL_ENABLE_DEBUG_INFO = NO;
				MTL_FAST_MATH = YES;
				SDKROOT = iphoneos;
				SWIFT_COMPILATION_MODE = wholemodule;
				SWIFT_OPTIMIZATION_LEVEL = "-O";
				VALIDATE_PRODUCT = YES;
			};
			name = Release;
		};
		D55353CA282E806100778766 /* Debug */ = {
			isa = XCBuildConfiguration;
			buildSettings = {
				ASSETCATALOG_COMPILER_APPICON_NAME = AppIcon;
				ASSETCATALOG_COMPILER_GLOBAL_ACCENT_COLOR_NAME = AccentColor;
				CODE_SIGN_STYLE = Automatic;
				CURRENT_PROJECT_VERSION = 1;
				DEVELOPMENT_TEAM = 586H9K983F;
				GENERATE_INFOPLIST_FILE = YES;
				INFOPLIST_FILE = MassIndexApp/Info.plist;
				INFOPLIST_KEY_UIApplicationSupportsIndirectInputEvents = YES;
				INFOPLIST_KEY_UILaunchStoryboardName = LaunchScreen;
				INFOPLIST_KEY_UIMainStoryboardFile = Main;
				INFOPLIST_KEY_UISupportedInterfaceOrientations_iPad = "UIInterfaceOrientationPortrait UIInterfaceOrientationPortraitUpsideDown UIInterfaceOrientationLandscapeLeft UIInterfaceOrientationLandscapeRight";
				INFOPLIST_KEY_UISupportedInterfaceOrientations_iPhone = "UIInterfaceOrientationPortrait UIInterfaceOrientationLandscapeLeft UIInterfaceOrientationLandscapeRight";
				LD_RUNPATH_SEARCH_PATHS = (
					"$(inherited)",
					"@executable_path/Frameworks",
				);
				MARKETING_VERSION = 1.0;
				PRODUCT_BUNDLE_IDENTIFIER = ru.maxgrishenko.MassIndexApp;
				PRODUCT_NAME = "$(TARGET_NAME)";
				SWIFT_EMIT_LOC_STRINGS = YES;
				SWIFT_VERSION = 5.0;
				TARGETED_DEVICE_FAMILY = "1,2";
			};
			name = Debug;
		};
		D55353CB282E806100778766 /* Release */ = {
			isa = XCBuildConfiguration;
			buildSettings = {
				ASSETCATALOG_COMPILER_APPICON_NAME = AppIcon;
				ASSETCATALOG_COMPILER_GLOBAL_ACCENT_COLOR_NAME = AccentColor;
				CODE_SIGN_STYLE = Automatic;
				CURRENT_PROJECT_VERSION = 1;
				DEVELOPMENT_TEAM = 586H9K983F;
				GENERATE_INFOPLIST_FILE = YES;
				INFOPLIST_FILE = MassIndexApp/Info.plist;
				INFOPLIST_KEY_UIApplicationSupportsIndirectInputEvents = YES;
				INFOPLIST_KEY_UILaunchStoryboardName = LaunchScreen;
				INFOPLIST_KEY_UIMainStoryboardFile = Main;
				INFOPLIST_KEY_UISupportedInterfaceOrientations_iPad = "UIInterfaceOrientationPortrait UIInterfaceOrientationPortraitUpsideDown UIInterfaceOrientationLandscapeLeft UIInterfaceOrientationLandscapeRight";
				INFOPLIST_KEY_UISupportedInterfaceOrientations_iPhone = "UIInterfaceOrientationPortrait UIInterfaceOrientationLandscapeLeft UIInterfaceOrientationLandscapeRight";
				LD_RUNPATH_SEARCH_PATHS = (
					"$(inherited)",
					"@executable_path/Frameworks",
				);
				MARKETING_VERSION = 1.0;
				PRODUCT_BUNDLE_IDENTIFIER = ru.maxgrishenko.MassIndexApp;
				PRODUCT_NAME = "$(TARGET_NAME)";
				SWIFT_EMIT_LOC_STRINGS = YES;
				SWIFT_VERSION = 5.0;
				TARGETED_DEVICE_FAMILY = "1,2";
			};
			name = Release;
		};
/* End XCBuildConfiguration section */

/* Begin XCConfigurationList section */
		D55353B0282E806000778766 /* Build configuration list for PBXProject "MassIndexApp" */ = {
			isa = XCConfigurationList;
			buildConfigurations = (
				D55353C7282E806100778766 /* Debug */,
				D55353C8282E806100778766 /* Release */,
			);
			defaultConfigurationIsVisible = 0;
			defaultConfigurationName = Release;
		};
		D55353C9282E806100778766 /* Build configuration list for PBXNativeTarget "MassIndexApp" */ = {
			isa = XCConfigurationList;
			buildConfigurations = (
				D55353CA282E806100778766 /* Debug */,
				D55353CB282E806100778766 /* Release */,
			);
			defaultConfigurationIsVisible = 0;
			defaultConfigurationName = Release;
		};
/* End XCConfigurationList section */
	};
	rootObject = D55353AD282E806000778766 /* Project object */;
}
